[[package]]
name = "networkx"
version = "2.6.3"
description = "Python package for creating and manipulating graphs and networks"
category = "main"
optional = false
python-versions = ">=3.7"

[package.extras]
default = ["numpy (>=1.19)", "scipy (>=1.5,!=1.6.1)", "matplotlib (>=3.3)", "pandas (>=1.1)"]
developer = ["black (==21.5b1)", "pre-commit (>=2.12)"]
doc = ["sphinx (>=4.0,<5.0)", "pydata-sphinx-theme (>=0.6,<1.0)", "sphinx-gallery (>=0.9,<1.0)", "numpydoc (>=1.1)", "pillow (>=8.2)", "nb2plots (>=0.6)", "texext (>=0.6.6)"]
extra = ["lxml (>=4.5)", "pygraphviz (>=1.7)", "pydot (>=1.4.1)"]
test = ["pytest (>=6.2)", "pytest-cov (>=2.12)", "codecov (>=2.1)"]

[[package]]
name = "parse"
version = "1.19.0"
description = "parse() is the opposite of format()"
category = "main"
optional = false
python-versions = "*"

[[package]]
name = "pyparsing"
version = "3.0.6"
description = "Python parsing module"
category = "main"
optional = false
python-versions = ">=3.6"

[package.extras]
diagrams = ["jinja2", "railroad-diagrams"]

[metadata]
lock-version = "1.1"
python-versions = "^3.10"
content-hash = "e5ae1ca6d82c6f23ed6aeef15932dd6c7118d1a6d53110fb74fa410328266fa5"

[metadata.files]
networkx = [
    {file = "networkx-2.6.3-py3-none-any.whl", hash = "sha256:80b6b89c77d1dfb64a4c7854981b60aeea6360ac02c6d4e4913319e0a313abef"},
    {file = "networkx-2.6.3.tar.gz", hash = "sha256:c0946ed31d71f1b732b5aaa6da5a0388a345019af232ce2f49c766e2d6795c51"},
]
parse = [
    {file = "parse-1.19.0.tar.gz", hash = "sha256:9ff82852bcb65d139813e2a5197627a94966245c897796760a3a2a8eb66f020b"},
]
pyparsing = [
    {file = "pyparsing-3.0.6-py3-none-any.whl", hash = "sha256:04ff808a5b90911829c55c4e26f75fa5ca8a2f5f36aa3a51f68e27033341d3e4"},
    {file = "pyparsing-3.0.6.tar.gz", hash = "sha256:d9bdec0013ef1eb5a84ab39a3b3868911598afa494f5faa038647101504e2b81"},
]
